
Microsoft Visual Studio Solution File, Format Version 12.00
# Visual Studio Version 17
VisualStudioVersion = 17.0.31825.309
MinimumVisualStudioVersion = 10.0.40219.1
Project("{9A19103F-16F7-4668-BE54-9A1E7A4F7556}") = "Lotus_Authentication", "Lotus_Authentication.csproj", "{02EF95FE-0E76-4F86-A50E-9088DCEE153B}"
EndProject
Project("{9A19103F-16F7-4668-BE54-9A1E7A4F7556}") = "Lotus_Authentication_Tests", "..\Lotus_Authentication_Tests\Lotus_Authentication_Tests.csproj", "{F7990AA9-F4FB-4F1C-8B0E-3089CA638CEA}"
EndProject
Global
	GlobalSection(SolutionConfigurationPlatforms) = preSolution
		Debug|Any CPU = Debug|Any CPU
		Release|Any CPU = Release|Any CPU
	EndGlobalSection
	GlobalSection(ProjectConfigurationPlatforms) = postSolution
		{02EF95FE-0E76-4F86-A50E-9088DCEE153B}.Debug|Any CPU.ActiveCfg = Debug|Any CPU
		{02EF95FE-0E76-4F86-A50E-9088DCEE153B}.Debug|Any CPU.Build.0 = Debug|Any CPU
		{02EF95FE-0E76-4F86-A50E-9088DCEE153B}.Release|Any CPU.ActiveCfg = Release|Any CPU
		{02EF95FE-0E76-4F86-A50E-9088DCEE153B}.Release|Any CPU.Build.0 = Release|Any CPU
		{F7990AA9-F4FB-4F1C-8B0E-3089CA638CEA}.Debug|Any CPU.ActiveCfg = Debug|Any CPU
		{F7990AA9-F4FB-4F1C-8B0E-3089CA638CEA}.Debug|Any CPU.Build.0 = Debug|Any CPU
		{F7990AA9-F4FB-4F1C-8B0E-3089CA638CEA}.Release|Any CPU.ActiveCfg = Release|Any CPU
		{F7990AA9-F4FB-4F1C-8B0E-3089CA638CEA}.Release|Any CPU.Build.0 = Release|Any CPU
	EndGlobalSection
	GlobalSection(SolutionProperties) = preSolution
		HideSolutionNode = FALSE
	EndGlobalSection
	GlobalSection(ExtensibilityGlobals) = postSolution
		SolutionGuid = {E0D822CA-E76F-4768-965A-508EE37A1F8F}
	EndGlobalSection
EndGlobal
